
Microsoft Visual Studio Solution File, Format Version 12.00
# Visual Studio Version 17
VisualStudioVersion = 17.1.32421.90
MinimumVisualStudioVersion = 10.0.40219.1
Project("{FAE04EC0-301F-11D3-BF4B-00C04F79EFBC}") = "Workshop26", "Workshop26\Workshop26.csproj", "{F3803304-E183-4101-B78E-6183AFFDC31D}"
EndProject
Project("{FAE04EC0-301F-11D3-BF4B-00C04F79EFBC}") = "Workshop26.Test", "Workshop26.Test\Workshop26.Test.csproj", "{81DBE1AB-B0CA-469C-A0A5-38BF3F266A78}"
EndProject
Global
	GlobalSection(SolutionConfigurationPlatforms) = preSolution
		Debug|Any CPU = Debug|Any CPU
		Release|Any CPU = Release|Any CPU
	EndGlobalSection
	GlobalSection(ProjectConfigurationPlatforms) = postSolution
		{F3803304-E183-4101-B78E-6183AFFDC31D}.Debug|Any CPU.ActiveCfg = Debug|Any CPU
		{F3803304-E183-4101-B78E-6183AFFDC31D}.Debug|Any CPU.Build.0 = Debug|Any CPU
		{F3803304-E183-4101-B78E-6183AFFDC31D}.Release|Any CPU.ActiveCfg = Release|Any CPU
		{F3803304-E183-4101-B78E-6183AFFDC31D}.Release|Any CPU.Build.0 = Release|Any CPU
		{81DBE1AB-B0CA-469C-A0A5-38BF3F266A78}.Debug|Any CPU.ActiveCfg = Debug|Any CPU
		{81DBE1AB-B0CA-469C-A0A5-38BF3F266A78}.Debug|Any CPU.Build.0 = Debug|Any CPU
		{81DBE1AB-B0CA-469C-A0A5-38BF3F266A78}.Release|Any CPU.ActiveCfg = Release|Any CPU
		{81DBE1AB-B0CA-469C-A0A5-38BF3F266A78}.Release|Any CPU.Build.0 = Release|Any CPU
	EndGlobalSection
	GlobalSection(SolutionProperties) = preSolution
		HideSolutionNode = FALSE
	EndGlobalSection
	GlobalSection(ExtensibilityGlobals) = postSolution
		SolutionGuid = {43E6FF51-4E19-488C-9345-4877AAE09455}
	EndGlobalSection
EndGlobal
